
Microsoft Visual Studio Solution File, Format Version 12.00
# Visual Studio Version 16
VisualStudioVersion = 16.0.32228.343
MinimumVisualStudioVersion = 10.0.40219.1
Project("{9A19103F-16F7-4668-BE54-9A1E7A4F7556}") = "Lexicon-Calculator-Assignment", "Lexicon-Calculator-Assignment.csproj", "{0A604484-6EEE-4505-9854-C6703B67E7A0}"
EndProject
Global
	GlobalSection(SolutionConfigurationPlatforms) = preSolution
		Debug|Any CPU = Debug|Any CPU
		Release|Any CPU = Release|Any CPU
	EndGlobalSection
	GlobalSection(ProjectConfigurationPlatforms) = postSolution
		{0A604484-6EEE-4505-9854-C6703B67E7A0}.Debug|Any CPU.ActiveCfg = Debug|Any CPU
		{0A604484-6EEE-4505-9854-C6703B67E7A0}.Debug|Any CPU.Build.0 = Debug|Any CPU
		{0A604484-6EEE-4505-9854-C6703B67E7A0}.Release|Any CPU.ActiveCfg = Release|Any CPU
		{0A604484-6EEE-4505-9854-C6703B67E7A0}.Release|Any CPU.Build.0 = Release|Any CPU
	EndGlobalSection
	GlobalSection(SolutionProperties) = preSolution
		HideSolutionNode = FALSE
	EndGlobalSection
	GlobalSection(ExtensibilityGlobals) = postSolution
		SolutionGuid = {12D3D617-7F5A-46C3-BF7D-9851901E6476}
	EndGlobalSection
EndGlobal
